
Microsoft Visual Studio Solution File, Format Version 12.00
# Visual Studio Version 16
VisualStudioVersion = 16.0.33529.622
MinimumVisualStudioVersion = 10.0.40219.1
Project("{FAE04EC0-301F-11D3-BF4B-00C04F79EFBC}") = "StudentManager", "StudentManager.csproj", "{DBABFC3B-6ABD-4051-A66A-7D0F0992BAEE}"
EndProject
Global
	GlobalSection(SolutionConfigurationPlatforms) = preSolution
		Debug|Any CPU = Debug|Any CPU
		Release|Any CPU = Release|Any CPU
	EndGlobalSection
	GlobalSection(ProjectConfigurationPlatforms) = postSolution
		{DBABFC3B-6ABD-4051-A66A-7D0F0992BAEE}.Debug|Any CPU.ActiveCfg = Debug|Any CPU
		{DBABFC3B-6ABD-4051-A66A-7D0F0992BAEE}.Debug|Any CPU.Build.0 = Debug|Any CPU
		{DBABFC3B-6ABD-4051-A66A-7D0F0992BAEE}.Release|Any CPU.ActiveCfg = Release|Any CPU
		{DBABFC3B-6ABD-4051-A66A-7D0F0992BAEE}.Release|Any CPU.Build.0 = Release|Any CPU
	EndGlobalSection
	GlobalSection(SolutionProperties) = preSolution
		HideSolutionNode = FALSE
	EndGlobalSection
	GlobalSection(ExtensibilityGlobals) = postSolution
		SolutionGuid = {A7D6D012-214F-4493-A5E7-B35C9985EACC}
	EndGlobalSection
EndGlobal
